// !$*UTF8*$!
{
	archiveVersion = 1;
	classes = {
	};
	objectVersion = 50;
	objects = {

/* Begin PBXBuildFile section */
		228AE67EC6AA5DFBD659D58F /* Pods_fluid.framework in Frameworks */ = {isa = PBXBuildFile; fileRef = 8EBE28E3730738086C264A26 /* Pods_fluid.framework */; };
		BB27BB862283679200568E2C /* UITextView+Placeholder.swift in Sources */ = {isa = PBXBuildFile; fileRef = BB27BB852283679200568E2C /* UITextView+Placeholder.swift */; };
		BB27BB8B22843D3B00568E2C /* fluid.xcdatamodeld in Sources */ = {isa = PBXBuildFile; fileRef = BB27BB8922843D3A00568E2C /* fluid.xcdatamodeld */; };
		BB27BB90228445DD00568E2C /* Podfile in Resources */ = {isa = PBXBuildFile; fileRef = BB27BB8F228445DD00568E2C /* Podfile */; };
		BB6C5D482284963300101E1D /* DateCell.swift in Sources */ = {isa = PBXBuildFile; fileRef = BB6C5D472284963300101E1D /* DateCell.swift */; };
		BB8DDD9E22803EF900FBF12D /* AppDelegate.swift in Sources */ = {isa = PBXBuildFile; fileRef = BB8DDD9D22803EF900FBF12D /* AppDelegate.swift */; };
		BB8DDDA022803EF900FBF12D /* ViewController.swift in Sources */ = {isa = PBXBuildFile; fileRef = BB8DDD9F22803EF900FBF12D /* ViewController.swift */; };
		BB8DDDA322803EF900FBF12D /* Main.storyboard in Resources */ = {isa = PBXBuildFile; fileRef = BB8DDDA122803EF900FBF12D /* Main.storyboard */; };
		BB8DDDA822803EFB00FBF12D /* Assets.xcassets in Resources */ = {isa = PBXBuildFile; fileRef = BB8DDDA722803EFB00FBF12D /* Assets.xcassets */; };
		BB8DDDAB22803EFB00FBF12D /* LaunchScreen.storyboard in Resources */ = {isa = PBXBuildFile; fileRef = BB8DDDA922803EFB00FBF12D /* LaunchScreen.storyboard */; };
		BB8DDDB622803EFB00FBF12D /* fluidTests.swift in Sources */ = {isa = PBXBuildFile; fileRef = BB8DDDB522803EFB00FBF12D /* fluidTests.swift */; };
		BB8DDDC222804A3A00FBF12D /* Montserrat-Regular.ttf in Resources */ = {isa = PBXBuildFile; fileRef = BB8DDDC122804A2E00FBF12D /* Montserrat-Regular.ttf */; };
		BB8DDDC62281978E00FBF12D /* NavBarController.swift in Sources */ = {isa = PBXBuildFile; fileRef = BB8DDDC52281978E00FBF12D /* NavBarController.swift */; };
		BB8DDDC822819D9700FBF12D /* DetailsViewController.swift in Sources */ = {isa = PBXBuildFile; fileRef = BB8DDDC722819D9700FBF12D /* DetailsViewController.swift */; };
		BB8DDDCF2281F4E100FBF12D /* Entity+CoreDataClass.swift in Sources */ = {isa = PBXBuildFile; fileRef = BB8DDDCD2281F4E100FBF12D /* Entity+CoreDataClass.swift */; };
		BB8DDDD02281F4E100FBF12D /* Entity+CoreDataProperties.swift in Sources */ = {isa = PBXBuildFile; fileRef = BB8DDDCE2281F4E100FBF12D /* Entity+CoreDataProperties.swift */; };
		BB8DDDD22282F16B00FBF12D /* NewEntityViewController.swift in Sources */ = {isa = PBXBuildFile; fileRef = BB8DDDD12282F16B00FBF12D /* NewEntityViewController.swift */; };
		BB8DDDD522830C4100FBF12D /* String+StrikeThrough.swift in Sources */ = {isa = PBXBuildFile; fileRef = BB8DDDD422830C4100FBF12D /* String+StrikeThrough.swift */; };
		BB8DDDD722830D3000FBF12D /* Date+EndOfDay+StartOfDay.swift in Sources */ = {isa = PBXBuildFile; fileRef = BB8DDDD622830D3000FBF12D /* Date+EndOfDay+StartOfDay.swift */; };
		BB8DDDD922831A3C00FBF12D /* EntityType.swift in Sources */ = {isa = PBXBuildFile; fileRef = BB8DDDD822831A3B00FBF12D /* EntityType.swift */; };
/* End PBXBuildFile section */

/* Begin PBXContainerItemProxy section */
		BB8DDDB222803EFB00FBF12D /* PBXContainerItemProxy */ = {
			isa = PBXContainerItemProxy;
			containerPortal = BB8DDD9222803EF900FBF12D /* Project object */;
			proxyType = 1;
			remoteGlobalIDString = BB8DDD9922803EF900FBF12D;
			remoteInfo = "lucid-task";
		};
/* End PBXContainerItemProxy section */

/* Begin PBXFileReference section */
		2A9F116E713C4FC18E0CFE3A /* Pods-fluid.release.xcconfig */ = {isa = PBXFileReference; includeInIndex = 1; lastKnownFileType = text.xcconfig; name = "Pods-fluid.release.xcconfig"; path = "Target Support Files/Pods-fluid/Pods-fluid.release.xcconfig"; sourceTree = "<group>"; };
		8EBE28E3730738086C264A26 /* Pods_fluid.framework */ = {isa = PBXFileReference; explicitFileType = wrapper.framework; includeInIndex = 0; path = Pods_fluid.framework; sourceTree = BUILT_PRODUCTS_DIR; };
		BB27BB852283679200568E2C /* UITextView+Placeholder.swift */ = {isa = PBXFileReference; lastKnownFileType = sourcecode.swift; path = "UITextView+Placeholder.swift"; sourceTree = "<group>"; };
		BB27BB8A22843D3A00568E2C /* fluid.xcdatamodel */ = {isa = PBXFileReference; lastKnownFileType = wrapper.xcdatamodel; path = fluid.xcdatamodel; sourceTree = "<group>"; };
		BB27BB8F228445DD00568E2C /* Podfile */ = {isa = PBXFileReference; fileEncoding = 4; lastKnownFileType = text; path = Podfile; sourceTree = "<group>"; };
		BB6C5D3A2284836D00101E1D /* Maison Neue Medium.otf */ = {isa = PBXFileReference; lastKnownFileType = file; name = "Maison Neue Medium.otf"; path = "../../../../Downloads/Maison Neue Medium.otf"; sourceTree = "<group>"; };
		BB6C5D472284963300101E1D /* DateCell.swift */ = {isa = PBXFileReference; fileEncoding = 4; lastKnownFileType = sourcecode.swift; path = DateCell.swift; sourceTree = "<group>"; };
		BB8DDD9A22803EF900FBF12D /* fluid.app */ = {isa = PBXFileReference; explicitFileType = wrapper.application; includeInIndex = 0; path = fluid.app; sourceTree = BUILT_PRODUCTS_DIR; };
		BB8DDD9D22803EF900FBF12D /* AppDelegate.swift */ = {isa = PBXFileReference; lastKnownFileType = sourcecode.swift; path = AppDelegate.swift; sourceTree = "<group>"; };
		BB8DDD9F22803EF900FBF12D /* ViewController.swift */ = {isa = PBXFileReference; lastKnownFileType = sourcecode.swift; path = ViewController.swift; sourceTree = "<group>"; };
		BB8DDDA222803EF900FBF12D /* Base */ = {isa = PBXFileReference; lastKnownFileType = file.storyboard; name = Base; path = Base.lproj/Main.storyboard; sourceTree = "<group>"; };
		BB8DDDA722803EFB00FBF12D /* Assets.xcassets */ = {isa = PBXFileReference; lastKnownFileType = folder.assetcatalog; path = Assets.xcassets; sourceTree = "<group>"; };
		BB8DDDAA22803EFB00FBF12D /* Base */ = {isa = PBXFileReference; lastKnownFileType = file.storyboard; name = Base; path = Base.lproj/LaunchScreen.storyboard; sourceTree = "<group>"; };
		BB8DDDAC22803EFB00FBF12D /* Info.plist */ = {isa = PBXFileReference; lastKnownFileType = text.plist.xml; path = Info.plist; sourceTree = "<group>"; };
		BB8DDDB122803EFB00FBF12D /* fluidTests.xctest */ = {isa = PBXFileReference; explicitFileType = wrapper.cfbundle; includeInIndex = 0; path = fluidTests.xctest; sourceTree = BUILT_PRODUCTS_DIR; };
		BB8DDDB522803EFB00FBF12D /* fluidTests.swift */ = {isa = PBXFileReference; lastKnownFileType = sourcecode.swift; path = fluidTests.swift; sourceTree = "<group>"; };
		BB8DDDB722803EFB00FBF12D /* Info.plist */ = {isa = PBXFileReference; lastKnownFileType = text.plist.xml; path = Info.plist; sourceTree = "<group>"; };
		BB8DDDC122804A2E00FBF12D /* Montserrat-Regular.ttf */ = {isa = PBXFileReference; lastKnownFileType = file; name = "Montserrat-Regular.ttf"; path = "../../../../Downloads/Montserrat/Montserrat-Regular.ttf"; sourceTree = "<group>"; };
		BB8DDDC52281978E00FBF12D /* NavBarController.swift */ = {isa = PBXFileReference; lastKnownFileType = sourcecode.swift; path = NavBarController.swift; sourceTree = "<group>"; };
		BB8DDDC722819D9700FBF12D /* DetailsViewController.swift */ = {isa = PBXFileReference; lastKnownFileType = sourcecode.swift; path = DetailsViewController.swift; sourceTree = "<group>"; };
		BB8DDDCD2281F4E100FBF12D /* Entity+CoreDataClass.swift */ = {isa = PBXFileReference; lastKnownFileType = sourcecode.swift; name = "Entity+CoreDataClass.swift"; path = "fluid/Entity+CoreDataClass.swift"; sourceTree = "<group>"; };
		BB8DDDCE2281F4E100FBF12D /* Entity+CoreDataProperties.swift */ = {isa = PBXFileReference; lastKnownFileType = sourcecode.swift; name = "Entity+CoreDataProperties.swift"; path = "fluid/Entity+CoreDataProperties.swift"; sourceTree = "<group>"; };
		BB8DDDD12282F16B00FBF12D /* NewEntityViewController.swift */ = {isa = PBXFileReference; lastKnownFileType = sourcecode.swift; path = NewEntityViewController.swift; sourceTree = "<group>"; };
		BB8DDDD422830C4100FBF12D /* String+StrikeThrough.swift */ = {isa = PBXFileReference; lastKnownFileType = sourcecode.swift; path = "String+StrikeThrough.swift"; sourceTree = "<group>"; };
		BB8DDDD622830D3000FBF12D /* Date+EndOfDay+StartOfDay.swift */ = {isa = PBXFileReference; lastKnownFileType = sourcecode.swift; path = "Date+EndOfDay+StartOfDay.swift"; sourceTree = "<group>"; };
		BB8DDDD822831A3B00FBF12D /* EntityType.swift */ = {isa = PBXFileReference; lastKnownFileType = sourcecode.swift; path = EntityType.swift; sourceTree = "<group>"; };
		FE24C7FD7224E6DC3442E862 /* Pods-fluid.debug.xcconfig */ = {isa = PBXFileReference; includeInIndex = 1; lastKnownFileType = text.xcconfig; name = "Pods-fluid.debug.xcconfig"; path = "Target Support Files/Pods-fluid/Pods-fluid.debug.xcconfig"; sourceTree = "<group>"; };
/* End PBXFileReference section */

/* Begin PBXFrameworksBuildPhase section */
		BB8DDD9722803EF900FBF12D /* Frameworks */ = {
			isa = PBXFrameworksBuildPhase;
			buildActionMask = 2147483647;
			files = (
				228AE67EC6AA5DFBD659D58F /* Pods_fluid.framework in Frameworks */,
			);
			runOnlyForDeploymentPostprocessing = 0;
		};
		BB8DDDAE22803EFB00FBF12D /* Frameworks */ = {
			isa = PBXFrameworksBuildPhase;
			buildActionMask = 2147483647;
			files = (
			);
			runOnlyForDeploymentPostprocessing = 0;
		};
/* End PBXFrameworksBuildPhase section */

/* Begin PBXGroup section */
		200E080C3968904CF3A7A25D /* Pods */ = {
			isa = PBXGroup;
			children = (
				FE24C7FD7224E6DC3442E862 /* Pods-fluid.debug.xcconfig */,
				2A9F116E713C4FC18E0CFE3A /* Pods-fluid.release.xcconfig */,
			);
			path = Pods;
			sourceTree = "<group>";
		};
		B7EC13E74AF2D17A9052D0C1 /* Frameworks */ = {
			isa = PBXGroup;
			children = (
				8EBE28E3730738086C264A26 /* Pods_fluid.framework */,
			);
			name = Frameworks;
			sourceTree = "<group>";
		};
		BB8DDD9122803EF900FBF12D = {
			isa = PBXGroup;
			children = (
				BB8DDDCD2281F4E100FBF12D /* Entity+CoreDataClass.swift */,
				BB8DDDCE2281F4E100FBF12D /* Entity+CoreDataProperties.swift */,
				BB8DDD9C22803EF900FBF12D /* fluid */,
				BB8DDDB422803EFB00FBF12D /* fluidTests */,
				BB8DDD9B22803EF900FBF12D /* Products */,
				BB27BB8F228445DD00568E2C /* Podfile */,
				200E080C3968904CF3A7A25D /* Pods */,
				B7EC13E74AF2D17A9052D0C1 /* Frameworks */,
			);
			sourceTree = "<group>";
		};
		BB8DDD9B22803EF900FBF12D /* Products */ = {
			isa = PBXGroup;
			children = (
				BB8DDD9A22803EF900FBF12D /* fluid.app */,
				BB8DDDB122803EFB00FBF12D /* fluidTests.xctest */,
			);
			name = Products;
			sourceTree = "<group>";
		};
		BB8DDD9C22803EF900FBF12D /* fluid */ = {
			isa = PBXGroup;
			children = (
				BB8DDDD322830C2300FBF12D /* extensions */,
				BB8DDD9D22803EF900FBF12D /* AppDelegate.swift */,
				BB8DDDC52281978E00FBF12D /* NavBarController.swift */,
				BB8DDD9F22803EF900FBF12D /* ViewController.swift */,
				BB8DDDD12282F16B00FBF12D /* NewEntityViewController.swift */,
				BB6C5D472284963300101E1D /* DateCell.swift */,
				BB8DDDC722819D9700FBF12D /* DetailsViewController.swift */,
				BB8DDDD822831A3B00FBF12D /* EntityType.swift */,
				BB8DDDA122803EF900FBF12D /* Main.storyboard */,
				BB8DDDA722803EFB00FBF12D /* Assets.xcassets */,
				BB8DDDC022804A1C00FBF12D /* fonts */,
				BB8DDDA922803EFB00FBF12D /* LaunchScreen.storyboard */,
				BB8DDDAC22803EFB00FBF12D /* Info.plist */,
				BB27BB8922843D3A00568E2C /* fluid.xcdatamodeld */,
			);
			path = fluid;
			sourceTree = "<group>";
		};
		BB8DDDB422803EFB00FBF12D /* fluidTests */ = {
			isa = PBXGroup;
			children = (
				BB8DDDB522803EFB00FBF12D /* fluidTests.swift */,
				BB8DDDB722803EFB00FBF12D /* Info.plist */,
			);
			path = fluidTests;
			sourceTree = "<group>";
		};
		BB8DDDC022804A1C00FBF12D /* fonts */ = {
			isa = PBXGroup;
			children = (
				BB6C5D3A2284836D00101E1D /* Maison Neue Medium.otf */,
				BB8DDDC122804A2E00FBF12D /* Montserrat-Regular.ttf */,
			);
			path = fonts;
			sourceTree = "<group>";
		};
		BB8DDDD322830C2300FBF12D /* extensions */ = {
			isa = PBXGroup;
			children = (
				BB8DDDD422830C4100FBF12D /* String+StrikeThrough.swift */,
				BB8DDDD622830D3000FBF12D /* Date+EndOfDay+StartOfDay.swift */,
				BB27BB852283679200568E2C /* UITextView+Placeholder.swift */,
			);
			path = extensions;
			sourceTree = "<group>";
		};
/* End PBXGroup section */

/* Begin PBXNativeTarget section */
		BB8DDD9922803EF900FBF12D /* fluid */ = {
			isa = PBXNativeTarget;
			buildConfigurationList = BB8DDDBA22803EFB00FBF12D /* Build configuration list for PBXNativeTarget "fluid" */;
			buildPhases = (
				E846AF7947B059388316A557 /* [CP] Check Pods Manifest.lock */,
				BB8DDD9622803EF900FBF12D /* Sources */,
				BB8DDD9722803EF900FBF12D /* Frameworks */,
				BB8DDD9822803EF900FBF12D /* Resources */,
				FAB8C38C2CEA92051F9FFFA6 /* [CP] Embed Pods Frameworks */,
			);
			buildRules = (
			);
			dependencies = (
			);
			name = fluid;
			productName = "lucid-task";
			productReference = BB8DDD9A22803EF900FBF12D /* fluid.app */;
			productType = "com.apple.product-type.application";
		};
		BB8DDDB022803EFB00FBF12D /* fluidTests */ = {
			isa = PBXNativeTarget;
			buildConfigurationList = BB8DDDBD22803EFB00FBF12D /* Build configuration list for PBXNativeTarget "fluidTests" */;
			buildPhases = (
				BB8DDDAD22803EFB00FBF12D /* Sources */,
				BB8DDDAE22803EFB00FBF12D /* Frameworks */,
				BB8DDDAF22803EFB00FBF12D /* Resources */,
			);
			buildRules = (
			);
			dependencies = (
				BB8DDDB322803EFB00FBF12D /* PBXTargetDependency */,
			);
			name = fluidTests;
			productName = "lucid-taskTests";
			productReference = BB8DDDB122803EFB00FBF12D /* fluidTests.xctest */;
			productType = "com.apple.product-type.bundle.unit-test";
		};
/* End PBXNativeTarget section */

/* Begin PBXProject section */
		BB8DDD9222803EF900FBF12D /* Project object */ = {
			isa = PBXProject;
			attributes = {
				LastSwiftUpdateCheck = 1010;
				LastUpgradeCheck = 1010;
				ORGANIZATIONNAME = "Ziyad Khalil";
				TargetAttributes = {
					BB8DDD9922803EF900FBF12D = {
						CreatedOnToolsVersion = 10.1;
					};
					BB8DDDB022803EFB00FBF12D = {
						CreatedOnToolsVersion = 10.1;
						TestTargetID = BB8DDD9922803EF900FBF12D;
					};
				};
			};
			buildConfigurationList = BB8DDD9522803EF900FBF12D /* Build configuration list for PBXProject "fluid" */;
			compatibilityVersion = "Xcode 9.3";
			developmentRegion = en;
			hasScannedForEncodings = 0;
			knownRegions = (
				en,
				Base,
			);
			mainGroup = BB8DDD9122803EF900FBF12D;
			productRefGroup = BB8DDD9B22803EF900FBF12D /* Products */;
			projectDirPath = "";
			projectRoot = "";
			targets = (
				BB8DDD9922803EF900FBF12D /* fluid */,
				BB8DDDB022803EFB00FBF12D /* fluidTests */,
			);
		};
/* End PBXProject section */

/* Begin PBXResourcesBuildPhase section */
		BB8DDD9822803EF900FBF12D /* Resources */ = {
			isa = PBXResourcesBuildPhase;
			buildActionMask = 2147483647;
			files = (
				BB27BB90228445DD00568E2C /* Podfile in Resources */,
				BB8DDDC222804A3A00FBF12D /* Montserrat-Regular.ttf in Resources */,
				BB8DDDAB22803EFB00FBF12D /* LaunchScreen.storyboard in Resources */,
				BB8DDDA822803EFB00FBF12D /* Assets.xcassets in Resources */,
				BB8DDDA322803EF900FBF12D /* Main.storyboard in Resources */,
			);
			runOnlyForDeploymentPostprocessing = 0;
		};
		BB8DDDAF22803EFB00FBF12D /* Resources */ = {
			isa = PBXResourcesBuildPhase;
			buildActionMask = 2147483647;
			files = (
			);
			runOnlyForDeploymentPostprocessing = 0;
		};
/* End PBXResourcesBuildPhase section */

/* Begin PBXShellScriptBuildPhase section */
		E846AF7947B059388316A557 /* [CP] Check Pods Manifest.lock */ = {
			isa = PBXShellScriptBuildPhase;
			buildActionMask = 2147483647;
			files = (
			);
			inputFileListPaths = (
			);
			inputPaths = (
				"${PODS_PODFILE_DIR_PATH}/Podfile.lock",
				"${PODS_ROOT}/Manifest.lock",
			);
			name = "[CP] Check Pods Manifest.lock";
			outputFileListPaths = (
			);
			outputPaths = (
				"$(DERIVED_FILE_DIR)/Pods-fluid-checkManifestLockResult.txt",
			);
			runOnlyForDeploymentPostprocessing = 0;
			shellPath = /bin/sh;
			shellScript = "diff \"${PODS_PODFILE_DIR_PATH}/Podfile.lock\" \"${PODS_ROOT}/Manifest.lock\" > /dev/null\nif [ $? != 0 ] ; then\n    # print error to STDERR\n    echo \"error: The sandbox is not in sync with the Podfile.lock. Run 'pod install' or update your CocoaPods installation.\" >&2\n    exit 1\nfi\n# This output is used by Xcode 'outputs' to avoid re-running this script phase.\necho \"SUCCESS\" > \"${SCRIPT_OUTPUT_FILE_0}\"\n";
			showEnvVarsInLog = 0;
		};
		FAB8C38C2CEA92051F9FFFA6 /* [CP] Embed Pods Frameworks */ = {
			isa = PBXShellScriptBuildPhase;
			buildActionMask = 2147483647;
			files = (
			);
			inputFileListPaths = (
			);
			inputPaths = (
				"${PODS_ROOT}/Target Support Files/Pods-fluid/Pods-fluid-frameworks.sh",
				"${BUILT_PRODUCTS_DIR}/JTAppleCalendar/JTAppleCalendar.framework",
			);
			name = "[CP] Embed Pods Frameworks";
			outputFileListPaths = (
			);
			outputPaths = (
				"${TARGET_BUILD_DIR}/${FRAMEWORKS_FOLDER_PATH}/JTAppleCalendar.framework",
			);
			runOnlyForDeploymentPostprocessing = 0;
			shellPath = /bin/sh;
			shellScript = "\"${PODS_ROOT}/Target Support Files/Pods-fluid/Pods-fluid-frameworks.sh\"\n";
			showEnvVarsInLog = 0;
		};
/* End PBXShellScriptBuildPhase section */

/* Begin PBXSourcesBuildPhase section */
		BB8DDD9622803EF900FBF12D /* Sources */ = {
			isa = PBXSourcesBuildPhase;
			buildActionMask = 2147483647;
			files = (
				BB8DDDA022803EF900FBF12D /* ViewController.swift in Sources */,
				BB8DDDD02281F4E100FBF12D /* Entity+CoreDataProperties.swift in Sources */,
				BB8DDD9E22803EF900FBF12D /* AppDelegate.swift in Sources */,
				BB27BB862283679200568E2C /* UITextView+Placeholder.swift in Sources */,
				BB8DDDC62281978E00FBF12D /* NavBarController.swift in Sources */,
				BB8DDDD922831A3C00FBF12D /* EntityType.swift in Sources */,
				BB8DDDCF2281F4E100FBF12D /* Entity+CoreDataClass.swift in Sources */,
				BB8DDDD722830D3000FBF12D /* Date+EndOfDay+StartOfDay.swift in Sources */,
				BB6C5D482284963300101E1D /* DateCell.swift in Sources */,
				BB8DDDD22282F16B00FBF12D /* NewEntityViewController.swift in Sources */,
				BB8DDDD522830C4100FBF12D /* String+StrikeThrough.swift in Sources */,
				BB27BB8B22843D3B00568E2C /* fluid.xcdatamodeld in Sources */,
				BB8DDDC822819D9700FBF12D /* DetailsViewController.swift in Sources */,
			);
			runOnlyForDeploymentPostprocessing = 0;
		};
		BB8DDDAD22803EFB00FBF12D /* Sources */ = {
			isa = PBXSourcesBuildPhase;
			buildActionMask = 2147483647;
			files = (
				BB8DDDB622803EFB00FBF12D /* fluidTests.swift in Sources */,
			);
			runOnlyForDeploymentPostprocessing = 0;
		};
/* End PBXSourcesBuildPhase section */

/* Begin PBXTargetDependency section */
		BB8DDDB322803EFB00FBF12D /* PBXTargetDependency */ = {
			isa = PBXTargetDependency;
			target = BB8DDD9922803EF900FBF12D /* fluid */;
			targetProxy = BB8DDDB222803EFB00FBF12D /* PBXContainerItemProxy */;
		};
/* End PBXTargetDependency section */

/* Begin PBXVariantGroup section */
		BB8DDDA122803EF900FBF12D /* Main.storyboard */ = {
			isa = PBXVariantGroup;
			children = (
				BB8DDDA222803EF900FBF12D /* Base */,
			);
			name = Main.storyboard;
			sourceTree = "<group>";
		};
		BB8DDDA922803EFB00FBF12D /* LaunchScreen.storyboard */ = {
			isa = PBXVariantGroup;
			children = (
				BB8DDDAA22803EFB00FBF12D /* Base */,
			);
			name = LaunchScreen.storyboard;
			sourceTree = "<group>";
		};
/* End PBXVariantGroup section */

/* Begin XCBuildConfiguration section */
		BB8DDDB822803EFB00FBF12D /* Debug */ = {
			isa = XCBuildConfiguration;
			buildSettings = {
				ALWAYS_SEARCH_USER_PATHS = NO;
				CLANG_ANALYZER_NONNULL = YES;
				CLANG_ANALYZER_NUMBER_OBJECT_CONVERSION = YES_AGGRESSIVE;
				CLANG_CXX_LANGUAGE_STANDARD = "gnu++14";
				CLANG_CXX_LIBRARY = "libc++";
				CLANG_ENABLE_MODULES = YES;
				CLANG_ENABLE_OBJC_ARC = YES;
				CLANG_ENABLE_OBJC_WEAK = YES;
				CLANG_WARN_BLOCK_CAPTURE_AUTORELEASING = YES;
				CLANG_WARN_BOOL_CONVERSION = YES;
				CLANG_WARN_COMMA = YES;
				CLANG_WARN_CONSTANT_CONVERSION = YES;
				CLANG_WARN_DEPRECATED_OBJC_IMPLEMENTATIONS = YES;
				CLANG_WARN_DIRECT_OBJC_ISA_USAGE = YES_ERROR;
				CLANG_WARN_DOCUMENTATION_COMMENTS = YES;
				CLANG_WARN_EMPTY_BODY = YES;
				CLANG_WARN_ENUM_CONVERSION = YES;
				CLANG_WARN_INFINITE_RECURSION = YES;
				CLANG_WARN_INT_CONVERSION = YES;
				CLANG_WARN_NON_LITERAL_NULL_CONVERSION = YES;
				CLANG_WARN_OBJC_IMPLICIT_RETAIN_SELF = YES;
				CLANG_WARN_OBJC_LITERAL_CONVERSION = YES;
				CLANG_WARN_OBJC_ROOT_CLASS = YES_ERROR;
				CLANG_WARN_RANGE_LOOP_ANALYSIS = YES;
				CLANG_WARN_STRICT_PROTOTYPES = YES;
				CLANG_WARN_SUSPICIOUS_MOVE = YES;
				CLANG_WARN_UNGUARDED_AVAILABILITY = YES_AGGRESSIVE;
				CLANG_WARN_UNREACHABLE_CODE = YES;
				CLANG_WARN__DUPLICATE_METHOD_MATCH = YES;
				CODE_SIGN_IDENTITY = "iPhone Developer";
				COPY_PHASE_STRIP = NO;
				DEBUG_INFORMATION_FORMAT = dwarf;
				ENABLE_STRICT_OBJC_MSGSEND = YES;
				ENABLE_TESTABILITY = YES;
				GCC_C_LANGUAGE_STANDARD = gnu11;
				GCC_DYNAMIC_NO_PIC = NO;
				GCC_NO_COMMON_BLOCKS = YES;
				GCC_OPTIMIZATION_LEVEL = 0;
				GCC_PREPROCESSOR_DEFINITIONS = (
					"DEBUG=1",
					"$(inherited)",
				);
				GCC_WARN_64_TO_32_BIT_CONVERSION = YES;
				GCC_WARN_ABOUT_RETURN_TYPE = YES_ERROR;
				GCC_WARN_UNDECLARED_SELECTOR = YES;
				GCC_WARN_UNINITIALIZED_AUTOS = YES_AGGRESSIVE;
				GCC_WARN_UNUSED_FUNCTION = YES;
				GCC_WARN_UNUSED_VARIABLE = YES;
				IPHONEOS_DEPLOYMENT_TARGET = 12.1;
				MTL_ENABLE_DEBUG_INFO = INCLUDE_SOURCE;
				MTL_FAST_MATH = YES;
				ONLY_ACTIVE_ARCH = YES;
				SDKROOT = iphoneos;
				SWIFT_ACTIVE_COMPILATION_CONDITIONS = DEBUG;
				SWIFT_OPTIMIZATION_LEVEL = "-Onone";
			};
			name = Debug;
		};
		BB8DDDB922803EFB00FBF12D /* Release */ = {
			isa = XCBuildConfiguration;
			buildSettings = {
				ALWAYS_SEARCH_USER_PATHS = NO;
				CLANG_ANALYZER_NONNULL = YES;
				CLANG_ANALYZER_NUMBER_OBJECT_CONVERSION = YES_AGGRESSIVE;
				CLANG_CXX_LANGUAGE_STANDARD = "gnu++14";
				CLANG_CXX_LIBRARY = "libc++";
				CLANG_ENABLE_MODULES = YES;
				CLANG_ENABLE_OBJC_ARC = YES;
				CLANG_ENABLE_OBJC_WEAK = YES;
				CLANG_WARN_BLOCK_CAPTURE_AUTORELEASING = YES;
				CLANG_WARN_BOOL_CONVERSION = YES;
				CLANG_WARN_COMMA = YES;
				CLANG_WARN_CONSTANT_CONVERSION = YES;
				CLANG_WARN_DEPRECATED_OBJC_IMPLEMENTATIONS = YES;
				CLANG_WARN_DIRECT_OBJC_ISA_USAGE = YES_ERROR;
				CLANG_WARN_DOCUMENTATION_COMMENTS = YES;
				CLANG_WARN_EMPTY_BODY = YES;
				CLANG_WARN_ENUM_CONVERSION = YES;
				CLANG_WARN_INFINITE_RECURSION = YES;
				CLANG_WARN_INT_CONVERSION = YES;
				CLANG_WARN_NON_LITERAL_NULL_CONVERSION = YES;
				CLANG_WARN_OBJC_IMPLICIT_RETAIN_SELF = YES;
				CLANG_WARN_OBJC_LITERAL_CONVERSION = YES;
				CLANG_WARN_OBJC_ROOT_CLASS = YES_ERROR;
				CLANG_WARN_RANGE_LOOP_ANALYSIS = YES;
				CLANG_WARN_STRICT_PROTOTYPES = YES;
				CLANG_WARN_SUSPICIOUS_MOVE = YES;
				CLANG_WARN_UNGUARDED_AVAILABILITY = YES_AGGRESSIVE;
				CLANG_WARN_UNREACHABLE_CODE = YES;
				CLANG_WARN__DUPLICATE_METHOD_MATCH = YES;
				CODE_SIGN_IDENTITY = "iPhone Developer";
				COPY_PHASE_STRIP = NO;
				DEBUG_INFORMATION_FORMAT = "dwarf-with-dsym";
				ENABLE_NS_ASSERTIONS = NO;
				ENABLE_STRICT_OBJC_MSGSEND = YES;
				GCC_C_LANGUAGE_STANDARD = gnu11;
				GCC_NO_COMMON_BLOCKS = YES;
				GCC_WARN_64_TO_32_BIT_CONVERSION = YES;
				GCC_WARN_ABOUT_RETURN_TYPE = YES_ERROR;
				GCC_WARN_UNDECLARED_SELECTOR = YES;
				GCC_WARN_UNINITIALIZED_AUTOS = YES_AGGRESSIVE;
				GCC_WARN_UNUSED_FUNCTION = YES;
				GCC_WARN_UNUSED_VARIABLE = YES;
				IPHONEOS_DEPLOYMENT_TARGET = 12.1;
				MTL_ENABLE_DEBUG_INFO = NO;
				MTL_FAST_MATH = YES;
				SDKROOT = iphoneos;
				SWIFT_COMPILATION_MODE = wholemodule;
				SWIFT_OPTIMIZATION_LEVEL = "-O";
				VALIDATE_PRODUCT = YES;
			};
			name = Release;
		};
		BB8DDDBB22803EFB00FBF12D /* Debug */ = {
			isa = XCBuildConfiguration;
			baseConfigurationReference = FE24C7FD7224E6DC3442E862 /* Pods-fluid.debug.xcconfig */;
			buildSettings = {
				ASSETCATALOG_COMPILER_APPICON_NAME = AppIcon;
				CODE_SIGN_STYLE = Automatic;
				DEVELOPMENT_TEAM = V674STYMT2;
				INFOPLIST_FILE = fluid/Info.plist;
				LD_RUNPATH_SEARCH_PATHS = (
					"$(inherited)",
					"@executable_path/Frameworks",
				);
				PRODUCT_BUNDLE_IDENTIFIER = appmoon.fluid;
				PRODUCT_NAME = "$(TARGET_NAME)";
				SWIFT_VERSION = 4.2;
				TARGETED_DEVICE_FAMILY = 1;
			};
			name = Debug;
		};
		BB8DDDBC22803EFB00FBF12D /* Release */ = {
			isa = XCBuildConfiguration;
			baseConfigurationReference = 2A9F116E713C4FC18E0CFE3A /* Pods-fluid.release.xcconfig */;
			buildSettings = {
				ASSETCATALOG_COMPILER_APPICON_NAME = AppIcon;
				CODE_SIGN_STYLE = Automatic;
				DEVELOPMENT_TEAM = V674STYMT2;
				INFOPLIST_FILE = fluid/Info.plist;
				LD_RUNPATH_SEARCH_PATHS = (
					"$(inherited)",
					"@executable_path/Frameworks",
				);
				PRODUCT_BUNDLE_IDENTIFIER = appmoon.fluid;
				PRODUCT_NAME = "$(TARGET_NAME)";
				SWIFT_VERSION = 4.2;
				TARGETED_DEVICE_FAMILY = 1;
			};
			name = Release;
		};
		BB8DDDBE22803EFB00FBF12D /* Debug */ = {
			isa = XCBuildConfiguration;
			buildSettings = {
				ALWAYS_EMBED_SWIFT_STANDARD_LIBRARIES = YES;
				BUNDLE_LOADER = "$(TEST_HOST)";
				CODE_SIGN_STYLE = Automatic;
				DEVELOPMENT_TEAM = V674STYMT2;
				INFOPLIST_FILE = "lucid-taskTests/Info.plist";
				LD_RUNPATH_SEARCH_PATHS = (
					"$(inherited)",
					"@executable_path/Frameworks",
					"@loader_path/Frameworks",
				);
				PRODUCT_BUNDLE_IDENTIFIER = "appmoon.lucid-taskTests";
				PRODUCT_NAME = "$(TARGET_NAME)";
				SWIFT_VERSION = 4.2;
				TARGETED_DEVICE_FAMILY = "1,2";
				TEST_HOST = "$(BUILT_PRODUCTS_DIR)/fluid.app/fluid";
			};
			name = Debug;
		};
		BB8DDDBF22803EFB00FBF12D /* Release */ = {
			isa = XCBuildConfiguration;
			buildSettings = {
				ALWAYS_EMBED_SWIFT_STANDARD_LIBRARIES = YES;
				BUNDLE_LOADER = "$(TEST_HOST)";
				CODE_SIGN_STYLE = Automatic;
				DEVELOPMENT_TEAM = V674STYMT2;
				INFOPLIST_FILE = "lucid-taskTests/Info.plist";
				LD_RUNPATH_SEARCH_PATHS = (
					"$(inherited)",
					"@executable_path/Frameworks",
					"@loader_path/Frameworks",
				);
				PRODUCT_BUNDLE_IDENTIFIER = "appmoon.lucid-taskTests";
				PRODUCT_NAME = "$(TARGET_NAME)";
				SWIFT_VERSION = 4.2;
				TARGETED_DEVICE_FAMILY = "1,2";
				TEST_HOST = "$(BUILT_PRODUCTS_DIR)/fluid.app/fluid";
			};
			name = Release;
		};
/* End XCBuildConfiguration section */

/* Begin XCConfigurationList section */
		BB8DDD9522803EF900FBF12D /* Build configuration list for PBXProject "fluid" */ = {
			isa = XCConfigurationList;
			buildConfigurations = (
				BB8DDDB822803EFB00FBF12D /* Debug */,
				BB8DDDB922803EFB00FBF12D /* Release */,
			);
			defaultConfigurationIsVisible = 0;
			defaultConfigurationName = Release;
		};
		BB8DDDBA22803EFB00FBF12D /* Build configuration list for PBXNativeTarget "fluid" */ = {
			isa = XCConfigurationList;
			buildConfigurations = (
				BB8DDDBB22803EFB00FBF12D /* Debug */,
				BB8DDDBC22803EFB00FBF12D /* Release */,
			);
			defaultConfigurationIsVisible = 0;
			defaultConfigurationName = Release;
		};
		BB8DDDBD22803EFB00FBF12D /* Build configuration list for PBXNativeTarget "fluidTests" */ = {
			isa = XCConfigurationList;
			buildConfigurations = (
				BB8DDDBE22803EFB00FBF12D /* Debug */,
				BB8DDDBF22803EFB00FBF12D /* Release */,
			);
			defaultConfigurationIsVisible = 0;
			defaultConfigurationName = Release;
		};
/* End XCConfigurationList section */

/* Begin XCVersionGroup section */
		BB27BB8922843D3A00568E2C /* fluid.xcdatamodeld */ = {
			isa = XCVersionGroup;
			children = (
				BB27BB8A22843D3A00568E2C /* fluid.xcdatamodel */,
			);
			currentVersion = BB27BB8A22843D3A00568E2C /* fluid.xcdatamodel */;
			path = fluid.xcdatamodeld;
			sourceTree = "<group>";
			versionGroupType = wrapper.xcdatamodel;
		};
/* End XCVersionGroup section */
	};
	rootObject = BB8DDD9222803EF900FBF12D /* Project object */;
}
